// !$*UTF8*$!
{
	archiveVersion = 1;
	classes = {
	};
	objectVersion = 55;
	objects = {

/* Begin PBXBuildFile section */
		16D845E328397CF5001ED072 /* DevVerseApp.swift in Sources */ = {isa = PBXBuildFile; fileRef = 16D845E228397CF5001ED072 /* DevVerseApp.swift */; };
		16D845E528397CF5001ED072 /* ContentView.swift in Sources */ = {isa = PBXBuildFile; fileRef = 16D845E428397CF5001ED072 /* ContentView.swift */; };
		16D845E728397CF5001ED072 /* Assets.xcassets in Resources */ = {isa = PBXBuildFile; fileRef = 16D845E628397CF5001ED072 /* Assets.xcassets */; };
		16D845EA28397CF5001ED072 /* Preview Assets.xcassets in Resources */ = {isa = PBXBuildFile; fileRef = 16D845E928397CF5001ED072 /* Preview Assets.xcassets */; };
		16D845F428397CF6001ED072 /* DevVerseTests.swift in Sources */ = {isa = PBXBuildFile; fileRef = 16D845F328397CF6001ED072 /* DevVerseTests.swift */; };
		16D845FE28397CF6001ED072 /* DevVerseUITests.swift in Sources */ = {isa = PBXBuildFile; fileRef = 16D845FD28397CF6001ED072 /* DevVerseUITests.swift */; };
		16D8460028397CF6001ED072 /* DevVerseUITestsLaunchTests.swift in Sources */ = {isa = PBXBuildFile; fileRef = 16D845FF28397CF6001ED072 /* DevVerseUITestsLaunchTests.swift */; };
		16D84615283989D7001ED072 /* AuthView.swift in Sources */ = {isa = PBXBuildFile; fileRef = 16D84614283989D7001ED072 /* AuthView.swift */; };
		16D8461728398A66001ED072 /* GitHubAuthView.swift in Sources */ = {isa = PBXBuildFile; fileRef = 16D8461628398A66001ED072 /* GitHubAuthView.swift */; };
/* End PBXBuildFile section */

/* Begin PBXContainerItemProxy section */
		16D845F028397CF6001ED072 /* PBXContainerItemProxy */ = {
			isa = PBXContainerItemProxy;
			containerPortal = 16D845D728397CF4001ED072 /* Project object */;
			proxyType = 1;
			remoteGlobalIDString = 16D845DE28397CF5001ED072;
			remoteInfo = DevVerse;
		};
		16D845FA28397CF6001ED072 /* PBXContainerItemProxy */ = {
			isa = PBXContainerItemProxy;
			containerPortal = 16D845D728397CF4001ED072 /* Project object */;
			proxyType = 1;
			remoteGlobalIDString = 16D845DE28397CF5001ED072;
			remoteInfo = DevVerse;
		};
/* End PBXContainerItemProxy section */

/* Begin PBXFileReference section */
		16D845DF28397CF5001ED072 /* DevVerse.app */ = {isa = PBXFileReference; explicitFileType = wrapper.application; includeInIndex = 0; path = DevVerse.app; sourceTree = BUILT_PRODUCTS_DIR; };
		16D845E228397CF5001ED072 /* DevVerseApp.swift */ = {isa = PBXFileReference; lastKnownFileType = sourcecode.swift; path = DevVerseApp.swift; sourceTree = "<group>"; };
		16D845E428397CF5001ED072 /* ContentView.swift */ = {isa = PBXFileReference; lastKnownFileType = sourcecode.swift; path = ContentView.swift; sourceTree = "<group>"; };
		16D845E628397CF5001ED072 /* Assets.xcassets */ = {isa = PBXFileReference; lastKnownFileType = folder.assetcatalog; path = Assets.xcassets; sourceTree = "<group>"; };
		16D845E928397CF5001ED072 /* Preview Assets.xcassets */ = {isa = PBXFileReference; lastKnownFileType = folder.assetcatalog; path = "Preview Assets.xcassets"; sourceTree = "<group>"; };
		16D845EF28397CF6001ED072 /* DevVerseTests.xctest */ = {isa = PBXFileReference; explicitFileType = wrapper.cfbundle; includeInIndex = 0; path = DevVerseTests.xctest; sourceTree = BUILT_PRODUCTS_DIR; };
		16D845F328397CF6001ED072 /* DevVerseTests.swift */ = {isa = PBXFileReference; lastKnownFileType = sourcecode.swift; path = DevVerseTests.swift; sourceTree = "<group>"; };
		16D845F928397CF6001ED072 /* DevVerseUITests.xctest */ = {isa = PBXFileReference; explicitFileType = wrapper.cfbundle; includeInIndex = 0; path = DevVerseUITests.xctest; sourceTree = BUILT_PRODUCTS_DIR; };
		16D845FD28397CF6001ED072 /* DevVerseUITests.swift */ = {isa = PBXFileReference; lastKnownFileType = sourcecode.swift; path = DevVerseUITests.swift; sourceTree = "<group>"; };
		16D845FF28397CF6001ED072 /* DevVerseUITestsLaunchTests.swift */ = {isa = PBXFileReference; lastKnownFileType = sourcecode.swift; path = DevVerseUITestsLaunchTests.swift; sourceTree = "<group>"; };
		16D84610283986FA001ED072 /* Info.plist */ = {isa = PBXFileReference; lastKnownFileType = text.plist; path = Info.plist; sourceTree = "<group>"; };
		16D84614283989D7001ED072 /* AuthView.swift */ = {isa = PBXFileReference; lastKnownFileType = sourcecode.swift; path = AuthView.swift; sourceTree = "<group>"; };
		16D8461628398A66001ED072 /* GitHubAuthView.swift */ = {isa = PBXFileReference; lastKnownFileType = sourcecode.swift; path = GitHubAuthView.swift; sourceTree = "<group>"; };
/* End PBXFileReference section */

/* Begin PBXFrameworksBuildPhase section */
		16D845DC28397CF5001ED072 /* Frameworks */ = {
			isa = PBXFrameworksBuildPhase;
			buildActionMask = 2147483647;
			files = (
			);
			runOnlyForDeploymentPostprocessing = 0;
		};
		16D845EC28397CF6001ED072 /* Frameworks */ = {
			isa = PBXFrameworksBuildPhase;
			buildActionMask = 2147483647;
			files = (
			);
			runOnlyForDeploymentPostprocessing = 0;
		};
		16D845F628397CF6001ED072 /* Frameworks */ = {
			isa = PBXFrameworksBuildPhase;
			buildActionMask = 2147483647;
			files = (
			);
			runOnlyForDeploymentPostprocessing = 0;
		};
/* End PBXFrameworksBuildPhase section */

/* Begin PBXGroup section */
		16D845D628397CF4001ED072 = {
			isa = PBXGroup;
			children = (
				16D845E128397CF5001ED072 /* DevVerse */,
				16D845F228397CF6001ED072 /* DevVerseTests */,
				16D845FC28397CF6001ED072 /* DevVerseUITests */,
				16D845E028397CF5001ED072 /* Products */,
			);
			sourceTree = "<group>";
		};
		16D845E028397CF5001ED072 /* Products */ = {
			isa = PBXGroup;
			children = (
				16D845DF28397CF5001ED072 /* DevVerse.app */,
				16D845EF28397CF6001ED072 /* DevVerseTests.xctest */,
				16D845F928397CF6001ED072 /* DevVerseUITests.xctest */,
			);
			name = Products;
			sourceTree = "<group>";
		};
		16D845E128397CF5001ED072 /* DevVerse */ = {
			isa = PBXGroup;
			children = (
				16D84611283989BC001ED072 /* Onboarding */,
				16D84610283986FA001ED072 /* Info.plist */,
				16D8460F2839821A001ED072 /* Repositories */,
				16D8460C28398211001ED072 /* Models */,
				16D8460E28398216001ED072 /* ViewModels */,
				16D8460D28398214001ED072 /* Views */,
				16D845E228397CF5001ED072 /* DevVerseApp.swift */,
				16D845E428397CF5001ED072 /* ContentView.swift */,
				16D845E628397CF5001ED072 /* Assets.xcassets */,
				16D845E828397CF5001ED072 /* Preview Content */,
			);
			path = DevVerse;
			sourceTree = "<group>";
		};
		16D845E828397CF5001ED072 /* Preview Content */ = {
			isa = PBXGroup;
			children = (
				16D845E928397CF5001ED072 /* Preview Assets.xcassets */,
			);
			path = "Preview Content";
			sourceTree = "<group>";
		};
		16D845F228397CF6001ED072 /* DevVerseTests */ = {
			isa = PBXGroup;
			children = (
				16D845F328397CF6001ED072 /* DevVerseTests.swift */,
			);
			path = DevVerseTests;
			sourceTree = "<group>";
		};
		16D845FC28397CF6001ED072 /* DevVerseUITests */ = {
			isa = PBXGroup;
			children = (
				16D845FD28397CF6001ED072 /* DevVerseUITests.swift */,
				16D845FF28397CF6001ED072 /* DevVerseUITestsLaunchTests.swift */,
			);
			path = DevVerseUITests;
			sourceTree = "<group>";
		};
		16D8460C28398211001ED072 /* Models */ = {
			isa = PBXGroup;
			children = (
			);
			path = Models;
			sourceTree = "<group>";
		};
		16D8460D28398214001ED072 /* Views */ = {
			isa = PBXGroup;
			children = (
			);
			path = Views;
			sourceTree = "<group>";
		};
		16D8460E28398216001ED072 /* ViewModels */ = {
			isa = PBXGroup;
			children = (
			);
			path = ViewModels;
			sourceTree = "<group>";
		};
		16D8460F2839821A001ED072 /* Repositories */ = {
			isa = PBXGroup;
			children = (
			);
			path = Repositories;
			sourceTree = "<group>";
		};
		16D84611283989BC001ED072 /* Onboarding */ = {
			isa = PBXGroup;
			children = (
				16D84613283989CD001ED072 /* ViewModels */,
				16D84612283989CA001ED072 /* Views */,
			);
			path = Onboarding;
			sourceTree = "<group>";
		};
		16D84612283989CA001ED072 /* Views */ = {
			isa = PBXGroup;
			children = (
				16D84614283989D7001ED072 /* AuthView.swift */,
				16D8461628398A66001ED072 /* GitHubAuthView.swift */,
			);
			path = Views;
			sourceTree = "<group>";
		};
		16D84613283989CD001ED072 /* ViewModels */ = {
			isa = PBXGroup;
			children = (
			);
			path = ViewModels;
			sourceTree = "<group>";
		};
/* End PBXGroup section */

/* Begin PBXNativeTarget section */
		16D845DE28397CF5001ED072 /* DevVerse */ = {
			isa = PBXNativeTarget;
			buildConfigurationList = 16D8460328397CF6001ED072 /* Build configuration list for PBXNativeTarget "DevVerse" */;
			buildPhases = (
				16D845DB28397CF5001ED072 /* Sources */,
				16D845DC28397CF5001ED072 /* Frameworks */,
				16D845DD28397CF5001ED072 /* Resources */,
			);
			buildRules = (
			);
			dependencies = (
			);
			name = DevVerse;
			productName = DevVerse;
			productReference = 16D845DF28397CF5001ED072 /* DevVerse.app */;
			productType = "com.apple.product-type.application";
		};
		16D845EE28397CF6001ED072 /* DevVerseTests */ = {
			isa = PBXNativeTarget;
			buildConfigurationList = 16D8460628397CF6001ED072 /* Build configuration list for PBXNativeTarget "DevVerseTests" */;
			buildPhases = (
				16D845EB28397CF6001ED072 /* Sources */,
				16D845EC28397CF6001ED072 /* Frameworks */,
				16D845ED28397CF6001ED072 /* Resources */,
			);
			buildRules = (
			);
			dependencies = (
				16D845F128397CF6001ED072 /* PBXTargetDependency */,
			);
			name = DevVerseTests;
			productName = DevVerseTests;
			productReference = 16D845EF28397CF6001ED072 /* DevVerseTests.xctest */;
			productType = "com.apple.product-type.bundle.unit-test";
		};
		16D845F828397CF6001ED072 /* DevVerseUITests */ = {
			isa = PBXNativeTarget;
			buildConfigurationList = 16D8460928397CF6001ED072 /* Build configuration list for PBXNativeTarget "DevVerseUITests" */;
			buildPhases = (
				16D845F528397CF6001ED072 /* Sources */,
				16D845F628397CF6001ED072 /* Frameworks */,
				16D845F728397CF6001ED072 /* Resources */,
			);
			buildRules = (
			);
			dependencies = (
				16D845FB28397CF6001ED072 /* PBXTargetDependency */,
			);
			name = DevVerseUITests;
			productName = DevVerseUITests;
			productReference = 16D845F928397CF6001ED072 /* DevVerseUITests.xctest */;
			productType = "com.apple.product-type.bundle.ui-testing";
		};
/* End PBXNativeTarget section */

/* Begin PBXProject section */
		16D845D728397CF4001ED072 /* Project object */ = {
			isa = PBXProject;
			attributes = {
				BuildIndependentTargetsInParallel = 1;
				LastSwiftUpdateCheck = 1330;
				LastUpgradeCheck = 1330;
				TargetAttributes = {
					16D845DE28397CF5001ED072 = {
						CreatedOnToolsVersion = 13.3.1;
					};
					16D845EE28397CF6001ED072 = {
						CreatedOnToolsVersion = 13.3.1;
						TestTargetID = 16D845DE28397CF5001ED072;
					};
					16D845F828397CF6001ED072 = {
						CreatedOnToolsVersion = 13.3.1;
						TestTargetID = 16D845DE28397CF5001ED072;
					};
				};
			};
			buildConfigurationList = 16D845DA28397CF4001ED072 /* Build configuration list for PBXProject "DevVerse" */;
			compatibilityVersion = "Xcode 13.0";
			developmentRegion = en;
			hasScannedForEncodings = 0;
			knownRegions = (
				en,
				Base,
			);
			mainGroup = 16D845D628397CF4001ED072;
			productRefGroup = 16D845E028397CF5001ED072 /* Products */;
			projectDirPath = "";
			projectRoot = "";
			targets = (
				16D845DE28397CF5001ED072 /* DevVerse */,
				16D845EE28397CF6001ED072 /* DevVerseTests */,
				16D845F828397CF6001ED072 /* DevVerseUITests */,
			);
		};
/* End PBXProject section */

/* Begin PBXResourcesBuildPhase section */
		16D845DD28397CF5001ED072 /* Resources */ = {
			isa = PBXResourcesBuildPhase;
			buildActionMask = 2147483647;
			files = (
				16D845EA28397CF5001ED072 /* Preview Assets.xcassets in Resources */,
				16D845E728397CF5001ED072 /* Assets.xcassets in Resources */,
			);
			runOnlyForDeploymentPostprocessing = 0;
		};
		16D845ED28397CF6001ED072 /* Resources */ = {
			isa = PBXResourcesBuildPhase;
			buildActionMask = 2147483647;
			files = (
			);
			runOnlyForDeploymentPostprocessing = 0;
		};
		16D845F728397CF6001ED072 /* Resources */ = {
			isa = PBXResourcesBuildPhase;
			buildActionMask = 2147483647;
			files = (
			);
			runOnlyForDeploymentPostprocessing = 0;
		};
/* End PBXResourcesBuildPhase section */

/* Begin PBXSourcesBuildPhase section */
		16D845DB28397CF5001ED072 /* Sources */ = {
			isa = PBXSourcesBuildPhase;
			buildActionMask = 2147483647;
			files = (
				16D845E528397CF5001ED072 /* ContentView.swift in Sources */,
				16D845E328397CF5001ED072 /* DevVerseApp.swift in Sources */,
				16D84615283989D7001ED072 /* AuthView.swift in Sources */,
				16D8461728398A66001ED072 /* GitHubAuthView.swift in Sources */,
			);
			runOnlyForDeploymentPostprocessing = 0;
		};
		16D845EB28397CF6001ED072 /* Sources */ = {
			isa = PBXSourcesBuildPhase;
			buildActionMask = 2147483647;
			files = (
				16D845F428397CF6001ED072 /* DevVerseTests.swift in Sources */,
			);
			runOnlyForDeploymentPostprocessing = 0;
		};
		16D845F528397CF6001ED072 /* Sources */ = {
			isa = PBXSourcesBuildPhase;
			buildActionMask = 2147483647;
			files = (
				16D8460028397CF6001ED072 /* DevVerseUITestsLaunchTests.swift in Sources */,
				16D845FE28397CF6001ED072 /* DevVerseUITests.swift in Sources */,
			);
			runOnlyForDeploymentPostprocessing = 0;
		};
/* End PBXSourcesBuildPhase section */

/* Begin PBXTargetDependency section */
		16D845F128397CF6001ED072 /* PBXTargetDependency */ = {
			isa = PBXTargetDependency;
			target = 16D845DE28397CF5001ED072 /* DevVerse */;
			targetProxy = 16D845F028397CF6001ED072 /* PBXContainerItemProxy */;
		};
		16D845FB28397CF6001ED072 /* PBXTargetDependency */ = {
			isa = PBXTargetDependency;
			target = 16D845DE28397CF5001ED072 /* DevVerse */;
			targetProxy = 16D845FA28397CF6001ED072 /* PBXContainerItemProxy */;
		};
/* End PBXTargetDependency section */

/* Begin XCBuildConfiguration section */
		16D8460128397CF6001ED072 /* Debug */ = {
			isa = XCBuildConfiguration;
			buildSettings = {
				ALWAYS_SEARCH_USER_PATHS = NO;
				CLANG_ANALYZER_NONNULL = YES;
				CLANG_ANALYZER_NUMBER_OBJECT_CONVERSION = YES_AGGRESSIVE;
				CLANG_CXX_LANGUAGE_STANDARD = "gnu++17";
				CLANG_ENABLE_MODULES = YES;
				CLANG_ENABLE_OBJC_ARC = YES;
				CLANG_ENABLE_OBJC_WEAK = YES;
				CLANG_WARN_BLOCK_CAPTURE_AUTORELEASING = YES;
				CLANG_WARN_BOOL_CONVERSION = YES;
				CLANG_WARN_COMMA = YES;
				CLANG_WARN_CONSTANT_CONVERSION = YES;
				CLANG_WARN_DEPRECATED_OBJC_IMPLEMENTATIONS = YES;
				CLANG_WARN_DIRECT_OBJC_ISA_USAGE = YES_ERROR;
				CLANG_WARN_DOCUMENTATION_COMMENTS = YES;
				CLANG_WARN_EMPTY_BODY = YES;
				CLANG_WARN_ENUM_CONVERSION = YES;
				CLANG_WARN_INFINITE_RECURSION = YES;
				CLANG_WARN_INT_CONVERSION = YES;
				CLANG_WARN_NON_LITERAL_NULL_CONVERSION = YES;
				CLANG_WARN_OBJC_IMPLICIT_RETAIN_SELF = YES;
				CLANG_WARN_OBJC_LITERAL_CONVERSION = YES;
				CLANG_WARN_OBJC_ROOT_CLASS = YES_ERROR;
				CLANG_WARN_QUOTED_INCLUDE_IN_FRAMEWORK_HEADER = YES;
				CLANG_WARN_RANGE_LOOP_ANALYSIS = YES;
				CLANG_WARN_STRICT_PROTOTYPES = YES;
				CLANG_WARN_SUSPICIOUS_MOVE = YES;
				CLANG_WARN_UNGUARDED_AVAILABILITY = YES_AGGRESSIVE;
				CLANG_WARN_UNREACHABLE_CODE = YES;
				CLANG_WARN__DUPLICATE_METHOD_MATCH = YES;
				COPY_PHASE_STRIP = NO;
				DEBUG_INFORMATION_FORMAT = dwarf;
				ENABLE_STRICT_OBJC_MSGSEND = YES;
				ENABLE_TESTABILITY = YES;
				GCC_C_LANGUAGE_STANDARD = gnu11;
				GCC_DYNAMIC_NO_PIC = NO;
				GCC_NO_COMMON_BLOCKS = YES;
				GCC_OPTIMIZATION_LEVEL = 0;
				GCC_PREPROCESSOR_DEFINITIONS = (
					"DEBUG=1",
					"$(inherited)",
				);
				GCC_WARN_64_TO_32_BIT_CONVERSION = YES;
				GCC_WARN_ABOUT_RETURN_TYPE = YES_ERROR;
				GCC_WARN_UNDECLARED_SELECTOR = YES;
				GCC_WARN_UNINITIALIZED_AUTOS = YES_AGGRESSIVE;
				GCC_WARN_UNUSED_FUNCTION = YES;
				GCC_WARN_UNUSED_VARIABLE = YES;
				IPHONEOS_DEPLOYMENT_TARGET = 15.4;
				MTL_ENABLE_DEBUG_INFO = INCLUDE_SOURCE;
				MTL_FAST_MATH = YES;
				ONLY_ACTIVE_ARCH = YES;
				SDKROOT = iphoneos;
				SWIFT_ACTIVE_COMPILATION_CONDITIONS = DEBUG;
				SWIFT_OPTIMIZATION_LEVEL = "-Onone";
			};
			name = Debug;
		};
		16D8460228397CF6001ED072 /* Release */ = {
			isa = XCBuildConfiguration;
			buildSettings = {
				ALWAYS_SEARCH_USER_PATHS = NO;
				CLANG_ANALYZER_NONNULL = YES;
				CLANG_ANALYZER_NUMBER_OBJECT_CONVERSION = YES_AGGRESSIVE;
				CLANG_CXX_LANGUAGE_STANDARD = "gnu++17";
				CLANG_ENABLE_MODULES = YES;
				CLANG_ENABLE_OBJC_ARC = YES;
				CLANG_ENABLE_OBJC_WEAK = YES;
				CLANG_WARN_BLOCK_CAPTURE_AUTORELEASING = YES;
				CLANG_WARN_BOOL_CONVERSION = YES;
				CLANG_WARN_COMMA = YES;
				CLANG_WARN_CONSTANT_CONVERSION = YES;
				CLANG_WARN_DEPRECATED_OBJC_IMPLEMENTATIONS = YES;
				CLANG_WARN_DIRECT_OBJC_ISA_USAGE = YES_ERROR;
				CLANG_WARN_DOCUMENTATION_COMMENTS = YES;
				CLANG_WARN_EMPTY_BODY = YES;
				CLANG_WARN_ENUM_CONVERSION = YES;
				CLANG_WARN_INFINITE_RECURSION = YES;
				CLANG_WARN_INT_CONVERSION = YES;
				CLANG_WARN_NON_LITERAL_NULL_CONVERSION = YES;
				CLANG_WARN_OBJC_IMPLICIT_RETAIN_SELF = YES;
				CLANG_WARN_OBJC_LITERAL_CONVERSION = YES;
				CLANG_WARN_OBJC_ROOT_CLASS = YES_ERROR;
				CLANG_WARN_QUOTED_INCLUDE_IN_FRAMEWORK_HEADER = YES;
				CLANG_WARN_RANGE_LOOP_ANALYSIS = YES;
				CLANG_WARN_STRICT_PROTOTYPES = YES;
				CLANG_WARN_SUSPICIOUS_MOVE = YES;
				CLANG_WARN_UNGUARDED_AVAILABILITY = YES_AGGRESSIVE;
				CLANG_WARN_UNREACHABLE_CODE = YES;
				CLANG_WARN__DUPLICATE_METHOD_MATCH = YES;
				COPY_PHASE_STRIP = NO;
				DEBUG_INFORMATION_FORMAT = "dwarf-with-dsym";
				ENABLE_NS_ASSERTIONS = NO;
				ENABLE_STRICT_OBJC_MSGSEND = YES;
				GCC_C_LANGUAGE_STANDARD = gnu11;
				GCC_NO_COMMON_BLOCKS = YES;
				GCC_WARN_64_TO_32_BIT_CONVERSION = YES;
				GCC_WARN_ABOUT_RETURN_TYPE = YES_ERROR;
				GCC_WARN_UNDECLARED_SELECTOR = YES;
				GCC_WARN_UNINITIALIZED_AUTOS = YES_AGGRESSIVE;
				GCC_WARN_UNUSED_FUNCTION = YES;
				GCC_WARN_UNUSED_VARIABLE = YES;
				IPHONEOS_DEPLOYMENT_TARGET = 15.4;
				MTL_ENABLE_DEBUG_INFO = NO;
				MTL_FAST_MATH = YES;
				SDKROOT = iphoneos;
				SWIFT_COMPILATION_MODE = wholemodule;
				SWIFT_OPTIMIZATION_LEVEL = "-O";
				VALIDATE_PRODUCT = YES;
			};
			name = Release;
		};
		16D8460428397CF6001ED072 /* Debug */ = {
			isa = XCBuildConfiguration;
			buildSettings = {
				ASSETCATALOG_COMPILER_APPICON_NAME = AppIcon;
				ASSETCATALOG_COMPILER_GLOBAL_ACCENT_COLOR_NAME = AccentColor;
				CODE_SIGN_STYLE = Automatic;
				CURRENT_PROJECT_VERSION = 1;
				DEVELOPMENT_ASSET_PATHS = "\"DevVerse/Preview Content\"";
				DEVELOPMENT_TEAM = P5ST498MF7;
				ENABLE_PREVIEWS = YES;
				GENERATE_INFOPLIST_FILE = YES;
				INFOPLIST_FILE = DevVerse/Info.plist;
				INFOPLIST_KEY_UIApplicationSceneManifest_Generation = YES;
				INFOPLIST_KEY_UIApplicationSupportsIndirectInputEvents = YES;
				INFOPLIST_KEY_UILaunchScreen_Generation = YES;
				INFOPLIST_KEY_UISupportedInterfaceOrientations_iPad = "UIInterfaceOrientationPortrait UIInterfaceOrientationPortraitUpsideDown UIInterfaceOrientationLandscapeLeft UIInterfaceOrientationLandscapeRight";
				INFOPLIST_KEY_UISupportedInterfaceOrientations_iPhone = "UIInterfaceOrientationPortrait UIInterfaceOrientationLandscapeLeft UIInterfaceOrientationLandscapeRight";
				LD_RUNPATH_SEARCH_PATHS = (
					"$(inherited)",
					"@executable_path/Frameworks",
				);
				MARKETING_VERSION = 1.0;
				PRODUCT_BUNDLE_IDENTIFIER = com.stevenyuser.DevVerse;
				PRODUCT_NAME = "$(TARGET_NAME)";
				SWIFT_EMIT_LOC_STRINGS = YES;
				SWIFT_VERSION = 5.0;
				TARGETED_DEVICE_FAMILY = "1,2";
			};
			name = Debug;
		};
		16D8460528397CF6001ED072 /* Release */ = {
			isa = XCBuildConfiguration;
			buildSettings = {
				ASSETCATALOG_COMPILER_APPICON_NAME = AppIcon;
				ASSETCATALOG_COMPILER_GLOBAL_ACCENT_COLOR_NAME = AccentColor;
				CODE_SIGN_STYLE = Automatic;
				CURRENT_PROJECT_VERSION = 1;
				DEVELOPMENT_ASSET_PATHS = "\"DevVerse/Preview Content\"";
				DEVELOPMENT_TEAM = P5ST498MF7;
				ENABLE_PREVIEWS = YES;
				GENERATE_INFOPLIST_FILE = YES;
				INFOPLIST_FILE = DevVerse/Info.plist;
				INFOPLIST_KEY_UIApplicationSceneManifest_Generation = YES;
				INFOPLIST_KEY_UIApplicationSupportsIndirectInputEvents = YES;
				INFOPLIST_KEY_UILaunchScreen_Generation = YES;
				INFOPLIST_KEY_UISupportedInterfaceOrientations_iPad = "UIInterfaceOrientationPortrait UIInterfaceOrientationPortraitUpsideDown UIInterfaceOrientationLandscapeLeft UIInterfaceOrientationLandscapeRight";
				INFOPLIST_KEY_UISupportedInterfaceOrientations_iPhone = "UIInterfaceOrientationPortrait UIInterfaceOrientationLandscapeLeft UIInterfaceOrientationLandscapeRight";
				LD_RUNPATH_SEARCH_PATHS = (
					"$(inherited)",
					"@executable_path/Frameworks",
				);
				MARKETING_VERSION = 1.0;
				PRODUCT_BUNDLE_IDENTIFIER = com.stevenyuser.DevVerse;
				PRODUCT_NAME = "$(TARGET_NAME)";
				SWIFT_EMIT_LOC_STRINGS = YES;
				SWIFT_VERSION = 5.0;
				TARGETED_DEVICE_FAMILY = "1,2";
			};
			name = Release;
		};
		16D8460728397CF6001ED072 /* Debug */ = {
			isa = XCBuildConfiguration;
			buildSettings = {
				ALWAYS_EMBED_SWIFT_STANDARD_LIBRARIES = YES;
				BUNDLE_LOADER = "$(TEST_HOST)";
				CODE_SIGN_STYLE = Automatic;
				CURRENT_PROJECT_VERSION = 1;
				DEVELOPMENT_TEAM = P5ST498MF7;
				GENERATE_INFOPLIST_FILE = YES;
				IPHONEOS_DEPLOYMENT_TARGET = 15.4;
				MARKETING_VERSION = 1.0;
				PRODUCT_BUNDLE_IDENTIFIER = com.stevenyuser.DevVerseTests;
				PRODUCT_NAME = "$(TARGET_NAME)";
				SWIFT_EMIT_LOC_STRINGS = NO;
				SWIFT_VERSION = 5.0;
				TARGETED_DEVICE_FAMILY = "1,2";
				TEST_HOST = "$(BUILT_PRODUCTS_DIR)/DevVerse.app/DevVerse";
			};
			name = Debug;
		};
		16D8460828397CF6001ED072 /* Release */ = {
			isa = XCBuildConfiguration;
			buildSettings = {
				ALWAYS_EMBED_SWIFT_STANDARD_LIBRARIES = YES;
				BUNDLE_LOADER = "$(TEST_HOST)";
				CODE_SIGN_STYLE = Automatic;
				CURRENT_PROJECT_VERSION = 1;
				DEVELOPMENT_TEAM = P5ST498MF7;
				GENERATE_INFOPLIST_FILE = YES;
				IPHONEOS_DEPLOYMENT_TARGET = 15.4;
				MARKETING_VERSION = 1.0;
				PRODUCT_BUNDLE_IDENTIFIER = com.stevenyuser.DevVerseTests;
				PRODUCT_NAME = "$(TARGET_NAME)";
				SWIFT_EMIT_LOC_STRINGS = NO;
				SWIFT_VERSION = 5.0;
				TARGETED_DEVICE_FAMILY = "1,2";
				TEST_HOST = "$(BUILT_PRODUCTS_DIR)/DevVerse.app/DevVerse";
			};
			name = Release;
		};
		16D8460A28397CF6001ED072 /* Debug */ = {
			isa = XCBuildConfiguration;
			buildSettings = {
				ALWAYS_EMBED_SWIFT_STANDARD_LIBRARIES = YES;
				CODE_SIGN_STYLE = Automatic;
				CURRENT_PROJECT_VERSION = 1;
				DEVELOPMENT_TEAM = P5ST498MF7;
				GENERATE_INFOPLIST_FILE = YES;
				MARKETING_VERSION = 1.0;
				PRODUCT_BUNDLE_IDENTIFIER = com.stevenyuser.DevVerseUITests;
				PRODUCT_NAME = "$(TARGET_NAME)";
				SWIFT_EMIT_LOC_STRINGS = NO;
				SWIFT_VERSION = 5.0;
				TARGETED_DEVICE_FAMILY = "1,2";
				TEST_TARGET_NAME = DevVerse;
			};
			name = Debug;
		};
		16D8460B28397CF6001ED072 /* Release */ = {
			isa = XCBuildConfiguration;
			buildSettings = {
				ALWAYS_EMBED_SWIFT_STANDARD_LIBRARIES = YES;
				CODE_SIGN_STYLE = Automatic;
				CURRENT_PROJECT_VERSION = 1;
				DEVELOPMENT_TEAM = P5ST498MF7;
				GENERATE_INFOPLIST_FILE = YES;
				MARKETING_VERSION = 1.0;
				PRODUCT_BUNDLE_IDENTIFIER = com.stevenyuser.DevVerseUITests;
				PRODUCT_NAME = "$(TARGET_NAME)";
				SWIFT_EMIT_LOC_STRINGS = NO;
				SWIFT_VERSION = 5.0;
				TARGETED_DEVICE_FAMILY = "1,2";
				TEST_TARGET_NAME = DevVerse;
			};
			name = Release;
		};
/* End XCBuildConfiguration section */

/* Begin XCConfigurationList section */
		16D845DA28397CF4001ED072 /* Build configuration list for PBXProject "DevVerse" */ = {
			isa = XCConfigurationList;
			buildConfigurations = (
				16D8460128397CF6001ED072 /* Debug */,
				16D8460228397CF6001ED072 /* Release */,
			);
			defaultConfigurationIsVisible = 0;
			defaultConfigurationName = Release;
		};
		16D8460328397CF6001ED072 /* Build configuration list for PBXNativeTarget "DevVerse" */ = {
			isa = XCConfigurationList;
			buildConfigurations = (
				16D8460428397CF6001ED072 /* Debug */,
				16D8460528397CF6001ED072 /* Release */,
			);
			defaultConfigurationIsVisible = 0;
			defaultConfigurationName = Release;
		};
		16D8460628397CF6001ED072 /* Build configuration list for PBXNativeTarget "DevVerseTests" */ = {
			isa = XCConfigurationList;
			buildConfigurations = (
				16D8460728397CF6001ED072 /* Debug */,
				16D8460828397CF6001ED072 /* Release */,
			);
			defaultConfigurationIsVisible = 0;
			defaultConfigurationName = Release;
		};
		16D8460928397CF6001ED072 /* Build configuration list for PBXNativeTarget "DevVerseUITests" */ = {
			isa = XCConfigurationList;
			buildConfigurations = (
				16D8460A28397CF6001ED072 /* Debug */,
				16D8460B28397CF6001ED072 /* Release */,
			);
			defaultConfigurationIsVisible = 0;
			defaultConfigurationName = Release;
		};
/* End XCConfigurationList section */
	};
	rootObject = 16D845D728397CF4001ED072 /* Project object */;
}
